
Microsoft Visual Studio Solution File, Format Version 12.00
# Visual Studio Version 17
VisualStudioVersion = 17.6.33829.357
MinimumVisualStudioVersion = 10.0.40219.1
Project("{2150E333-8FDC-42A3-9474-1A3956D46DE8}") = "src", "src", "{DC04C3C3-65D9-40B5-A987-690C0E87F238}"
EndProject
Project("{2150E333-8FDC-42A3-9474-1A3956D46DE8}") = "Solution items", "Solution items", "{48B05607-9C5F-44D6-B16D-4E4E3B1B8F10}"
	ProjectSection(SolutionItems) = preProject
		.gitignore = .gitignore
		docker-compose.yml = docker-compose.yml
	EndProjectSection
EndProject
Project("{9A19103F-16F7-4668-BE54-9A1E7A4F7556}") = "StoreAdministrationSystem.Api", "src\StoreAdministrationSystem.Api\StoreAdministrationSystem.Api.csproj", "{E7830EFB-12C4-44B8-A4B1-CE331E90A2C0}"
EndProject
Project("{9A19103F-16F7-4668-BE54-9A1E7A4F7556}") = "StoreAdministrationSystem.Domain", "src\StoreAdministrationSystem.Domain\StoreAdministrationSystem.Domain.csproj", "{C1F37B4A-89EC-4B35-A628-F5209AF0AD9B}"
EndProject
Project("{9A19103F-16F7-4668-BE54-9A1E7A4F7556}") = "StoreAdministrationSystem.Application", "src\StoreAdministrationSystem.Application\StoreAdministrationSystem.Application.csproj", "{E8E90A3F-B115-4B9E-AC7D-26D64CE30436}"
EndProject
Project("{2150E333-8FDC-42A3-9474-1A3956D46DE8}") = "DataAccess", "DataAccess", "{6997637B-681E-4D85-A278-5357FA34EBAA}"
EndProject
Project("{9A19103F-16F7-4668-BE54-9A1E7A4F7556}") = "StoreAdministrationSystem.DataAccess", "src\StoreAdministrationSystem.DataAccess\StoreAdministrationSystem.DataAccess.csproj", "{EAADA936-0373-4F76-9CD5-9A63A484BA5E}"
EndProject
Project("{9A19103F-16F7-4668-BE54-9A1E7A4F7556}") = "StoreAdministrationSystem.DataAccess.PostgresSql", "src\StoreAdministrationSystem.DataAccess.PostgresSql\StoreAdministrationSystem.DataAccess.PostgresSql.csproj", "{ADA581CA-5BB4-4D29-AC23-3B5C096D9E9C}"
EndProject
Project("{FAE04EC0-301F-11D3-BF4B-00C04F79EFBC}") = "StoreAdministrationSystem.Migrator", "src\StoreAdministrationSystem.Migrator\StoreAdministrationSystem.Migrator.csproj", "{B71EB9E8-AE5A-4AA9-83A6-FA0800A1C759}"
EndProject
Project("{2150E333-8FDC-42A3-9474-1A3956D46DE8}") = "ReadModel", "ReadModel", "{FCCFD5C4-C78B-4329-84F3-93772FB2E62D}"
EndProject
Project("{FAE04EC0-301F-11D3-BF4B-00C04F79EFBC}") = "StoreAdministrationSystem.ReadModel", "src\StoreAdministrationSystem.ReadModel\StoreAdministrationSystem.ReadModel.csproj", "{B91BE072-3BFE-4011-AF29-8C80FC33C25C}"
EndProject
Project("{FAE04EC0-301F-11D3-BF4B-00C04F79EFBC}") = "StoreAdministrationSystem.ReadModel.PostgresSql", "src\StoreAdministrationSystem.ReadModel.PostgresSql\StoreAdministrationSystem.ReadModel.PostgresSql.csproj", "{53DD798A-F48A-4EE5-B576-137C701D5824}"
EndProject
Global
	GlobalSection(SolutionConfigurationPlatforms) = preSolution
		Debug|Any CPU = Debug|Any CPU
		Release|Any CPU = Release|Any CPU
	EndGlobalSection
	GlobalSection(ProjectConfigurationPlatforms) = postSolution
		{E7830EFB-12C4-44B8-A4B1-CE331E90A2C0}.Debug|Any CPU.ActiveCfg = Debug|Any CPU
		{E7830EFB-12C4-44B8-A4B1-CE331E90A2C0}.Debug|Any CPU.Build.0 = Debug|Any CPU
		{E7830EFB-12C4-44B8-A4B1-CE331E90A2C0}.Release|Any CPU.ActiveCfg = Release|Any CPU
		{E7830EFB-12C4-44B8-A4B1-CE331E90A2C0}.Release|Any CPU.Build.0 = Release|Any CPU
		{C1F37B4A-89EC-4B35-A628-F5209AF0AD9B}.Debug|Any CPU.ActiveCfg = Debug|Any CPU
		{C1F37B4A-89EC-4B35-A628-F5209AF0AD9B}.Debug|Any CPU.Build.0 = Debug|Any CPU
		{C1F37B4A-89EC-4B35-A628-F5209AF0AD9B}.Release|Any CPU.ActiveCfg = Release|Any CPU
		{C1F37B4A-89EC-4B35-A628-F5209AF0AD9B}.Release|Any CPU.Build.0 = Release|Any CPU
		{E8E90A3F-B115-4B9E-AC7D-26D64CE30436}.Debug|Any CPU.ActiveCfg = Debug|Any CPU
		{E8E90A3F-B115-4B9E-AC7D-26D64CE30436}.Debug|Any CPU.Build.0 = Debug|Any CPU
		{E8E90A3F-B115-4B9E-AC7D-26D64CE30436}.Release|Any CPU.ActiveCfg = Release|Any CPU
		{E8E90A3F-B115-4B9E-AC7D-26D64CE30436}.Release|Any CPU.Build.0 = Release|Any CPU
		{EAADA936-0373-4F76-9CD5-9A63A484BA5E}.Debug|Any CPU.ActiveCfg = Debug|Any CPU
		{EAADA936-0373-4F76-9CD5-9A63A484BA5E}.Debug|Any CPU.Build.0 = Debug|Any CPU
		{EAADA936-0373-4F76-9CD5-9A63A484BA5E}.Release|Any CPU.ActiveCfg = Release|Any CPU
		{EAADA936-0373-4F76-9CD5-9A63A484BA5E}.Release|Any CPU.Build.0 = Release|Any CPU
		{ADA581CA-5BB4-4D29-AC23-3B5C096D9E9C}.Debug|Any CPU.ActiveCfg = Debug|Any CPU
		{ADA581CA-5BB4-4D29-AC23-3B5C096D9E9C}.Debug|Any CPU.Build.0 = Debug|Any CPU
		{ADA581CA-5BB4-4D29-AC23-3B5C096D9E9C}.Release|Any CPU.ActiveCfg = Release|Any CPU
		{ADA581CA-5BB4-4D29-AC23-3B5C096D9E9C}.Release|Any CPU.Build.0 = Release|Any CPU
		{B71EB9E8-AE5A-4AA9-83A6-FA0800A1C759}.Debug|Any CPU.ActiveCfg = Debug|Any CPU
		{B71EB9E8-AE5A-4AA9-83A6-FA0800A1C759}.Debug|Any CPU.Build.0 = Debug|Any CPU
		{B71EB9E8-AE5A-4AA9-83A6-FA0800A1C759}.Release|Any CPU.ActiveCfg = Release|Any CPU
		{B71EB9E8-AE5A-4AA9-83A6-FA0800A1C759}.Release|Any CPU.Build.0 = Release|Any CPU
		{B91BE072-3BFE-4011-AF29-8C80FC33C25C}.Debug|Any CPU.ActiveCfg = Debug|Any CPU
		{B91BE072-3BFE-4011-AF29-8C80FC33C25C}.Debug|Any CPU.Build.0 = Debug|Any CPU
		{B91BE072-3BFE-4011-AF29-8C80FC33C25C}.Release|Any CPU.ActiveCfg = Release|Any CPU
		{B91BE072-3BFE-4011-AF29-8C80FC33C25C}.Release|Any CPU.Build.0 = Release|Any CPU
		{53DD798A-F48A-4EE5-B576-137C701D5824}.Debug|Any CPU.ActiveCfg = Debug|Any CPU
		{53DD798A-F48A-4EE5-B576-137C701D5824}.Debug|Any CPU.Build.0 = Debug|Any CPU
		{53DD798A-F48A-4EE5-B576-137C701D5824}.Release|Any CPU.ActiveCfg = Release|Any CPU
		{53DD798A-F48A-4EE5-B576-137C701D5824}.Release|Any CPU.Build.0 = Release|Any CPU
	EndGlobalSection
	GlobalSection(SolutionProperties) = preSolution
		HideSolutionNode = FALSE
	EndGlobalSection
	GlobalSection(NestedProjects) = preSolution
		{E7830EFB-12C4-44B8-A4B1-CE331E90A2C0} = {DC04C3C3-65D9-40B5-A987-690C0E87F238}
		{C1F37B4A-89EC-4B35-A628-F5209AF0AD9B} = {DC04C3C3-65D9-40B5-A987-690C0E87F238}
		{E8E90A3F-B115-4B9E-AC7D-26D64CE30436} = {DC04C3C3-65D9-40B5-A987-690C0E87F238}
		{6997637B-681E-4D85-A278-5357FA34EBAA} = {DC04C3C3-65D9-40B5-A987-690C0E87F238}
		{EAADA936-0373-4F76-9CD5-9A63A484BA5E} = {6997637B-681E-4D85-A278-5357FA34EBAA}
		{ADA581CA-5BB4-4D29-AC23-3B5C096D9E9C} = {6997637B-681E-4D85-A278-5357FA34EBAA}
		{B71EB9E8-AE5A-4AA9-83A6-FA0800A1C759} = {DC04C3C3-65D9-40B5-A987-690C0E87F238}
		{FCCFD5C4-C78B-4329-84F3-93772FB2E62D} = {DC04C3C3-65D9-40B5-A987-690C0E87F238}
		{B91BE072-3BFE-4011-AF29-8C80FC33C25C} = {FCCFD5C4-C78B-4329-84F3-93772FB2E62D}
		{53DD798A-F48A-4EE5-B576-137C701D5824} = {FCCFD5C4-C78B-4329-84F3-93772FB2E62D}
	EndGlobalSection
	GlobalSection(ExtensibilityGlobals) = postSolution
		SolutionGuid = {F52653CE-0A09-473F-A355-557705D8777E}
	EndGlobalSection
EndGlobal
